
Microsoft Visual Studio Solution File, Format Version 12.00
# Visual Studio Version 17
VisualStudioVersion = 17.5.33530.505
MinimumVisualStudioVersion = 10.0.40219.1
Project("{9A19103F-16F7-4668-BE54-9A1E7A4F7556}") = "TextFieldParserTests", "TextFieldParserTests\TextFieldParserTests.csproj", "{9995A22D-1505-47E2-BE9C-7AC46C5439F4}"
EndProject
Project("{9A19103F-16F7-4668-BE54-9A1E7A4F7556}") = "TextFieldParser", "TextFieldParser\TextFieldParser.csproj", "{71F960F7-C765-46A4-9E91-2D3F3A421C15}"
EndProject
Project("{FAE04EC0-301F-11D3-BF4B-00C04F79EFBC}") = "TextFieldParserFramework", "TextFieldParserFramework\TextFieldParserFramework.csproj", "{9B84DB26-AEF8-4725-A6EE-D022C9087DCC}"
EndProject
Project("{FAE04EC0-301F-11D3-BF4B-00C04F79EFBC}") = "TextFieldParserFrameworkTests", "TextFieldParserFrameworkTests\TextFieldParserFrameworkTests.csproj", "{CCC6EBFA-90D2-485C-A251-E9061D30C3B1}"
EndProject
Global
	GlobalSection(SolutionConfigurationPlatforms) = preSolution
		Debug|Any CPU = Debug|Any CPU
		Release|Any CPU = Release|Any CPU
	EndGlobalSection
	GlobalSection(ProjectConfigurationPlatforms) = postSolution
		{9995A22D-1505-47E2-BE9C-7AC46C5439F4}.Debug|Any CPU.ActiveCfg = Debug|Any CPU
		{9995A22D-1505-47E2-BE9C-7AC46C5439F4}.Debug|Any CPU.Build.0 = Debug|Any CPU
		{9995A22D-1505-47E2-BE9C-7AC46C5439F4}.Release|Any CPU.ActiveCfg = Release|Any CPU
		{9995A22D-1505-47E2-BE9C-7AC46C5439F4}.Release|Any CPU.Build.0 = Release|Any CPU
		{71F960F7-C765-46A4-9E91-2D3F3A421C15}.Debug|Any CPU.ActiveCfg = Debug|Any CPU
		{71F960F7-C765-46A4-9E91-2D3F3A421C15}.Debug|Any CPU.Build.0 = Debug|Any CPU
		{71F960F7-C765-46A4-9E91-2D3F3A421C15}.Release|Any CPU.ActiveCfg = Release|Any CPU
		{71F960F7-C765-46A4-9E91-2D3F3A421C15}.Release|Any CPU.Build.0 = Release|Any CPU
		{9B84DB26-AEF8-4725-A6EE-D022C9087DCC}.Debug|Any CPU.ActiveCfg = Debug|Any CPU
		{9B84DB26-AEF8-4725-A6EE-D022C9087DCC}.Debug|Any CPU.Build.0 = Debug|Any CPU
		{9B84DB26-AEF8-4725-A6EE-D022C9087DCC}.Release|Any CPU.ActiveCfg = Release|Any CPU
		{9B84DB26-AEF8-4725-A6EE-D022C9087DCC}.Release|Any CPU.Build.0 = Release|Any CPU
		{CCC6EBFA-90D2-485C-A251-E9061D30C3B1}.Debug|Any CPU.ActiveCfg = Debug|Any CPU
		{CCC6EBFA-90D2-485C-A251-E9061D30C3B1}.Debug|Any CPU.Build.0 = Debug|Any CPU
		{CCC6EBFA-90D2-485C-A251-E9061D30C3B1}.Release|Any CPU.ActiveCfg = Release|Any CPU
		{CCC6EBFA-90D2-485C-A251-E9061D30C3B1}.Release|Any CPU.Build.0 = Release|Any CPU
	EndGlobalSection
	GlobalSection(SolutionProperties) = preSolution
		HideSolutionNode = FALSE
	EndGlobalSection
	GlobalSection(ExtensibilityGlobals) = postSolution
		SolutionGuid = {C11F61D0-87FA-4A41-9F11-A5F5DEB63BEF}
	EndGlobalSection
EndGlobal
